// !$*UTF8*$!
{
	archiveVersion = 1;
	classes = {
	};
	objectVersion = 55;
	objects = {

/* Begin PBXBuildFile section */
		4659C92C27FE04A50087BF17 /* ReportTableViewCell.swift in Sources */ = {isa = PBXBuildFile; fileRef = 4659C92A27FE04A50087BF17 /* ReportTableViewCell.swift */; };
		4659C92D27FE04A50087BF17 /* ReportTableViewCell.xib in Resources */ = {isa = PBXBuildFile; fileRef = 4659C92B27FE04A50087BF17 /* ReportTableViewCell.xib */; };
		4659C93127FE7C1F0087BF17 /* ProjectCompletionTableViewCell.swift in Sources */ = {isa = PBXBuildFile; fileRef = 4659C92F27FE7C1F0087BF17 /* ProjectCompletionTableViewCell.swift */; };
		4659C93227FE7C1F0087BF17 /* ProjectCompletionTableViewCell.xib in Resources */ = {isa = PBXBuildFile; fileRef = 4659C93027FE7C1F0087BF17 /* ProjectCompletionTableViewCell.xib */; };
		4659C93627FF16790087BF17 /* CompletionHistoryTableViewCell.swift in Sources */ = {isa = PBXBuildFile; fileRef = 4659C93427FF16790087BF17 /* CompletionHistoryTableViewCell.swift */; };
		4659C93727FF16790087BF17 /* CompletionHistoryTableViewCell.xib in Resources */ = {isa = PBXBuildFile; fileRef = 4659C93527FF16790087BF17 /* CompletionHistoryTableViewCell.xib */; };
		4659C93927FF1D7D0087BF17 /* ProgressHistoryViewController.swift in Sources */ = {isa = PBXBuildFile; fileRef = 4659C93827FF1D7D0087BF17 /* ProgressHistoryViewController.swift */; };
		4659C93C27FF32520087BF17 /* EmptyHistoryTableViewCell.swift in Sources */ = {isa = PBXBuildFile; fileRef = 4659C93A27FF32520087BF17 /* EmptyHistoryTableViewCell.swift */; };
		4659C93D27FF32520087BF17 /* EmptyHistoryTableViewCell.xib in Resources */ = {isa = PBXBuildFile; fileRef = 4659C93B27FF32520087BF17 /* EmptyHistoryTableViewCell.xib */; };
		4659C94028017ADC0087BF17 /* FinalProjectCompletion.swift in Sources */ = {isa = PBXBuildFile; fileRef = 4659C93F28017ADC0087BF17 /* FinalProjectCompletion.swift */; };
		4659C94228017B2A0087BF17 /* DataProtocol.swift in Sources */ = {isa = PBXBuildFile; fileRef = 4659C94128017B2A0087BF17 /* DataProtocol.swift */; };
		4659C94428017B480087BF17 /* Report.swift in Sources */ = {isa = PBXBuildFile; fileRef = 4659C94328017B480087BF17 /* Report.swift */; };
		4659C94628017B780087BF17 /* SectionData.swift in Sources */ = {isa = PBXBuildFile; fileRef = 4659C94528017B780087BF17 /* SectionData.swift */; };
		4659C94828017C160087BF17 /* TimeSection.swift in Sources */ = {isa = PBXBuildFile; fileRef = 4659C94728017C160087BF17 /* TimeSection.swift */; };
		4659C94C28017CE20087BF17 /* DailyProgress.swift in Sources */ = {isa = PBXBuildFile; fileRef = 4659C94B28017CE20087BF17 /* DailyProgress.swift */; };
		4659C94F2801CF2F0087BF17 /* TaskViewController.swift in Sources */ = {isa = PBXBuildFile; fileRef = 4659C94E2801CF2F0087BF17 /* TaskViewController.swift */; };
		4659C9512801E1220087BF17 /* TaskTableViewCell.swift in Sources */ = {isa = PBXBuildFile; fileRef = 4659C9502801E1220087BF17 /* TaskTableViewCell.swift */; };
		466E26722803437400721889 /* AddTaskViewController.swift in Sources */ = {isa = PBXBuildFile; fileRef = 466E26712803437400721889 /* AddTaskViewController.swift */; };
		466E2674280343BD00721889 /* EditTaskViewController.swift in Sources */ = {isa = PBXBuildFile; fileRef = 466E2673280343BD00721889 /* EditTaskViewController.swift */; };
		46A8ADEE27FBE7310047ABDD /* AppDelegate.swift in Sources */ = {isa = PBXBuildFile; fileRef = 46A8ADED27FBE7310047ABDD /* AppDelegate.swift */; };
		46A8ADF027FBE7310047ABDD /* SceneDelegate.swift in Sources */ = {isa = PBXBuildFile; fileRef = 46A8ADEF27FBE7310047ABDD /* SceneDelegate.swift */; };
		46A8ADF227FBE7310047ABDD /* SummaryViewController.swift in Sources */ = {isa = PBXBuildFile; fileRef = 46A8ADF127FBE7310047ABDD /* SummaryViewController.swift */; };
		46A8ADF527FBE7310047ABDD /* Main.storyboard in Resources */ = {isa = PBXBuildFile; fileRef = 46A8ADF327FBE7310047ABDD /* Main.storyboard */; };
		46A8ADF727FBE7320047ABDD /* Assets.xcassets in Resources */ = {isa = PBXBuildFile; fileRef = 46A8ADF627FBE7320047ABDD /* Assets.xcassets */; };
		46A8ADFA27FBE7320047ABDD /* LaunchScreen.storyboard in Resources */ = {isa = PBXBuildFile; fileRef = 46A8ADF827FBE7320047ABDD /* LaunchScreen.storyboard */; };
/* End PBXBuildFile section */

/* Begin PBXFileReference section */
		4659C92A27FE04A50087BF17 /* ReportTableViewCell.swift */ = {isa = PBXFileReference; lastKnownFileType = sourcecode.swift; path = ReportTableViewCell.swift; sourceTree = "<group>"; };
		4659C92B27FE04A50087BF17 /* ReportTableViewCell.xib */ = {isa = PBXFileReference; lastKnownFileType = file.xib; path = ReportTableViewCell.xib; sourceTree = "<group>"; };
		4659C92F27FE7C1F0087BF17 /* ProjectCompletionTableViewCell.swift */ = {isa = PBXFileReference; lastKnownFileType = sourcecode.swift; path = ProjectCompletionTableViewCell.swift; sourceTree = "<group>"; };
		4659C93027FE7C1F0087BF17 /* ProjectCompletionTableViewCell.xib */ = {isa = PBXFileReference; lastKnownFileType = file.xib; path = ProjectCompletionTableViewCell.xib; sourceTree = "<group>"; };
		4659C93427FF16790087BF17 /* CompletionHistoryTableViewCell.swift */ = {isa = PBXFileReference; lastKnownFileType = sourcecode.swift; path = CompletionHistoryTableViewCell.swift; sourceTree = "<group>"; };
		4659C93527FF16790087BF17 /* CompletionHistoryTableViewCell.xib */ = {isa = PBXFileReference; lastKnownFileType = file.xib; path = CompletionHistoryTableViewCell.xib; sourceTree = "<group>"; };
		4659C93827FF1D7D0087BF17 /* ProgressHistoryViewController.swift */ = {isa = PBXFileReference; lastKnownFileType = sourcecode.swift; path = ProgressHistoryViewController.swift; sourceTree = "<group>"; };
		4659C93A27FF32520087BF17 /* EmptyHistoryTableViewCell.swift */ = {isa = PBXFileReference; lastKnownFileType = sourcecode.swift; path = EmptyHistoryTableViewCell.swift; sourceTree = "<group>"; };
		4659C93B27FF32520087BF17 /* EmptyHistoryTableViewCell.xib */ = {isa = PBXFileReference; lastKnownFileType = file.xib; path = EmptyHistoryTableViewCell.xib; sourceTree = "<group>"; };
		4659C93F28017ADC0087BF17 /* FinalProjectCompletion.swift */ = {isa = PBXFileReference; lastKnownFileType = sourcecode.swift; path = FinalProjectCompletion.swift; sourceTree = "<group>"; };
		4659C94128017B2A0087BF17 /* DataProtocol.swift */ = {isa = PBXFileReference; lastKnownFileType = sourcecode.swift; path = DataProtocol.swift; sourceTree = "<group>"; };
		4659C94328017B480087BF17 /* Report.swift */ = {isa = PBXFileReference; lastKnownFileType = sourcecode.swift; path = Report.swift; sourceTree = "<group>"; };
		4659C94528017B780087BF17 /* SectionData.swift */ = {isa = PBXFileReference; lastKnownFileType = sourcecode.swift; path = SectionData.swift; sourceTree = "<group>"; };
		4659C94728017C160087BF17 /* TimeSection.swift */ = {isa = PBXFileReference; lastKnownFileType = sourcecode.swift; path = TimeSection.swift; sourceTree = "<group>"; };
		4659C94B28017CE20087BF17 /* DailyProgress.swift */ = {isa = PBXFileReference; lastKnownFileType = sourcecode.swift; path = DailyProgress.swift; sourceTree = "<group>"; };
		4659C94E2801CF2F0087BF17 /* TaskViewController.swift */ = {isa = PBXFileReference; lastKnownFileType = sourcecode.swift; path = TaskViewController.swift; sourceTree = "<group>"; };
		4659C9502801E1220087BF17 /* TaskTableViewCell.swift */ = {isa = PBXFileReference; lastKnownFileType = sourcecode.swift; path = TaskTableViewCell.swift; sourceTree = "<group>"; };
		466E26712803437400721889 /* AddTaskViewController.swift */ = {isa = PBXFileReference; lastKnownFileType = sourcecode.swift; path = AddTaskViewController.swift; sourceTree = "<group>"; };
		466E2673280343BD00721889 /* EditTaskViewController.swift */ = {isa = PBXFileReference; lastKnownFileType = sourcecode.swift; path = EditTaskViewController.swift; sourceTree = "<group>"; };
		46A8ADEA27FBE7310047ABDD /* Mini Challenge GA.app */ = {isa = PBXFileReference; explicitFileType = wrapper.application; includeInIndex = 0; path = "Mini Challenge GA.app"; sourceTree = BUILT_PRODUCTS_DIR; };
		46A8ADED27FBE7310047ABDD /* AppDelegate.swift */ = {isa = PBXFileReference; lastKnownFileType = sourcecode.swift; path = AppDelegate.swift; sourceTree = "<group>"; };
		46A8ADEF27FBE7310047ABDD /* SceneDelegate.swift */ = {isa = PBXFileReference; lastKnownFileType = sourcecode.swift; path = SceneDelegate.swift; sourceTree = "<group>"; };
		46A8ADF127FBE7310047ABDD /* SummaryViewController.swift */ = {isa = PBXFileReference; lastKnownFileType = sourcecode.swift; path = SummaryViewController.swift; sourceTree = "<group>"; };
		46A8ADF427FBE7310047ABDD /* Base */ = {isa = PBXFileReference; lastKnownFileType = file.storyboard; name = Base; path = Base.lproj/Main.storyboard; sourceTree = "<group>"; };
		46A8ADF627FBE7320047ABDD /* Assets.xcassets */ = {isa = PBXFileReference; lastKnownFileType = folder.assetcatalog; path = Assets.xcassets; sourceTree = "<group>"; };
		46A8ADF927FBE7320047ABDD /* Base */ = {isa = PBXFileReference; lastKnownFileType = file.storyboard; name = Base; path = Base.lproj/LaunchScreen.storyboard; sourceTree = "<group>"; };
		46A8ADFB27FBE7320047ABDD /* Info.plist */ = {isa = PBXFileReference; lastKnownFileType = text.plist.xml; path = Info.plist; sourceTree = "<group>"; };
/* End PBXFileReference section */

/* Begin PBXFrameworksBuildPhase section */
		46A8ADE727FBE7310047ABDD /* Frameworks */ = {
			isa = PBXFrameworksBuildPhase;
			buildActionMask = 2147483647;
			files = (
			);
			runOnlyForDeploymentPostprocessing = 0;
		};
/* End PBXFrameworksBuildPhase section */

/* Begin PBXGroup section */
		4659C92E27FE7BE00087BF17 /* Summary */ = {
			isa = PBXGroup;
			children = (
				46A8ADF127FBE7310047ABDD /* SummaryViewController.swift */,
				4659C92A27FE04A50087BF17 /* ReportTableViewCell.swift */,
				4659C92B27FE04A50087BF17 /* ReportTableViewCell.xib */,
				4659C92F27FE7C1F0087BF17 /* ProjectCompletionTableViewCell.swift */,
				4659C93027FE7C1F0087BF17 /* ProjectCompletionTableViewCell.xib */,
			);
			path = Summary;
			sourceTree = "<group>";
		};
		4659C93327FF15F40087BF17 /* Progress History */ = {
			isa = PBXGroup;
			children = (
				4659C93427FF16790087BF17 /* CompletionHistoryTableViewCell.swift */,
				4659C93527FF16790087BF17 /* CompletionHistoryTableViewCell.xib */,
				4659C93827FF1D7D0087BF17 /* ProgressHistoryViewController.swift */,
				4659C93A27FF32520087BF17 /* EmptyHistoryTableViewCell.swift */,
				4659C93B27FF32520087BF17 /* EmptyHistoryTableViewCell.xib */,
			);
			path = "Progress History";
			sourceTree = "<group>";
		};
		4659C93E28017AC10087BF17 /* Model */ = {
			isa = PBXGroup;
			children = (
				4659C93F28017ADC0087BF17 /* FinalProjectCompletion.swift */,
				4659C94128017B2A0087BF17 /* DataProtocol.swift */,
				4659C94328017B480087BF17 /* Report.swift */,
				4659C94528017B780087BF17 /* SectionData.swift */,
				4659C94728017C160087BF17 /* TimeSection.swift */,
				4659C94B28017CE20087BF17 /* DailyProgress.swift */,
			);
			path = Model;
			sourceTree = "<group>";
		};
		4659C94D2801CEE80087BF17 /* Task */ = {
			isa = PBXGroup;
			children = (
				4659C94E2801CF2F0087BF17 /* TaskViewController.swift */,
				4659C9502801E1220087BF17 /* TaskTableViewCell.swift */,
				466E26712803437400721889 /* AddTaskViewController.swift */,
				466E2673280343BD00721889 /* EditTaskViewController.swift */,
			);
			path = Task;
			sourceTree = "<group>";
		};
		46A8ADE127FBE7310047ABDD = {
			isa = PBXGroup;
			children = (
				46A8ADEC27FBE7310047ABDD /* Mini Challenge GA */,
				46A8ADEB27FBE7310047ABDD /* Products */,
			);
			sourceTree = "<group>";
		};
		46A8ADEB27FBE7310047ABDD /* Products */ = {
			isa = PBXGroup;
			children = (
				46A8ADEA27FBE7310047ABDD /* Mini Challenge GA.app */,
			);
			name = Products;
			sourceTree = "<group>";
		};
		46A8ADEC27FBE7310047ABDD /* Mini Challenge GA */ = {
			isa = PBXGroup;
			children = (
				4659C94D2801CEE80087BF17 /* Task */,
				4659C93E28017AC10087BF17 /* Model */,
				4659C93327FF15F40087BF17 /* Progress History */,
				4659C92E27FE7BE00087BF17 /* Summary */,
				46A8ADED27FBE7310047ABDD /* AppDelegate.swift */,
				46A8ADEF27FBE7310047ABDD /* SceneDelegate.swift */,
				46A8ADF327FBE7310047ABDD /* Main.storyboard */,
				46A8ADF627FBE7320047ABDD /* Assets.xcassets */,
				46A8ADF827FBE7320047ABDD /* LaunchScreen.storyboard */,
				46A8ADFB27FBE7320047ABDD /* Info.plist */,
			);
			path = "Mini Challenge GA";
			sourceTree = "<group>";
		};
/* End PBXGroup section */

/* Begin PBXNativeTarget section */
		46A8ADE927FBE7310047ABDD /* Mini Challenge GA */ = {
			isa = PBXNativeTarget;
			buildConfigurationList = 46A8ADFE27FBE7320047ABDD /* Build configuration list for PBXNativeTarget "Mini Challenge GA" */;
			buildPhases = (
				46A8ADE627FBE7310047ABDD /* Sources */,
				46A8ADE727FBE7310047ABDD /* Frameworks */,
				46A8ADE827FBE7310047ABDD /* Resources */,
			);
			buildRules = (
			);
			dependencies = (
			);
			name = "Mini Challenge GA";
			productName = "Mini Challenge GA";
			productReference = 46A8ADEA27FBE7310047ABDD /* Mini Challenge GA.app */;
			productType = "com.apple.product-type.application";
		};
/* End PBXNativeTarget section */

/* Begin PBXProject section */
		46A8ADE227FBE7310047ABDD /* Project object */ = {
			isa = PBXProject;
			attributes = {
				BuildIndependentTargetsInParallel = 1;
				LastSwiftUpdateCheck = 1330;
				LastUpgradeCheck = 1330;
				TargetAttributes = {
					46A8ADE927FBE7310047ABDD = {
						CreatedOnToolsVersion = 13.3;
					};
				};
			};
			buildConfigurationList = 46A8ADE527FBE7310047ABDD /* Build configuration list for PBXProject "Mini Challenge GA" */;
			compatibilityVersion = "Xcode 13.0";
			developmentRegion = en;
			hasScannedForEncodings = 0;
			knownRegions = (
				en,
				Base,
			);
			mainGroup = 46A8ADE127FBE7310047ABDD;
			productRefGroup = 46A8ADEB27FBE7310047ABDD /* Products */;
			projectDirPath = "";
			projectRoot = "";
			targets = (
				46A8ADE927FBE7310047ABDD /* Mini Challenge GA */,
			);
		};
/* End PBXProject section */

/* Begin PBXResourcesBuildPhase section */
		46A8ADE827FBE7310047ABDD /* Resources */ = {
			isa = PBXResourcesBuildPhase;
			buildActionMask = 2147483647;
			files = (
				4659C93727FF16790087BF17 /* CompletionHistoryTableViewCell.xib in Resources */,
				46A8ADFA27FBE7320047ABDD /* LaunchScreen.storyboard in Resources */,
				4659C93D27FF32520087BF17 /* EmptyHistoryTableViewCell.xib in Resources */,
				4659C93227FE7C1F0087BF17 /* ProjectCompletionTableViewCell.xib in Resources */,
				46A8ADF727FBE7320047ABDD /* Assets.xcassets in Resources */,
				46A8ADF527FBE7310047ABDD /* Main.storyboard in Resources */,
				4659C92D27FE04A50087BF17 /* ReportTableViewCell.xib in Resources */,
			);
			runOnlyForDeploymentPostprocessing = 0;
		};
/* End PBXResourcesBuildPhase section */

/* Begin PBXSourcesBuildPhase section */
		46A8ADE627FBE7310047ABDD /* Sources */ = {
			isa = PBXSourcesBuildPhase;
			buildActionMask = 2147483647;
			files = (
				4659C94428017B480087BF17 /* Report.swift in Sources */,
				466E2674280343BD00721889 /* EditTaskViewController.swift in Sources */,
				4659C93927FF1D7D0087BF17 /* ProgressHistoryViewController.swift in Sources */,
				4659C94F2801CF2F0087BF17 /* TaskViewController.swift in Sources */,
				4659C94828017C160087BF17 /* TimeSection.swift in Sources */,
				4659C94228017B2A0087BF17 /* DataProtocol.swift in Sources */,
				4659C94028017ADC0087BF17 /* FinalProjectCompletion.swift in Sources */,
				46A8ADF227FBE7310047ABDD /* SummaryViewController.swift in Sources */,
				46A8ADEE27FBE7310047ABDD /* AppDelegate.swift in Sources */,
				4659C9512801E1220087BF17 /* TaskTableViewCell.swift in Sources */,
				4659C92C27FE04A50087BF17 /* ReportTableViewCell.swift in Sources */,
				46A8ADF027FBE7310047ABDD /* SceneDelegate.swift in Sources */,
				4659C93627FF16790087BF17 /* CompletionHistoryTableViewCell.swift in Sources */,
				466E26722803437400721889 /* AddTaskViewController.swift in Sources */,
				4659C93C27FF32520087BF17 /* EmptyHistoryTableViewCell.swift in Sources */,
				4659C93127FE7C1F0087BF17 /* ProjectCompletionTableViewCell.swift in Sources */,
				4659C94C28017CE20087BF17 /* DailyProgress.swift in Sources */,
				4659C94628017B780087BF17 /* SectionData.swift in Sources */,
			);
			runOnlyForDeploymentPostprocessing = 0;
		};
/* End PBXSourcesBuildPhase section */

/* Begin PBXVariantGroup section */
		46A8ADF327FBE7310047ABDD /* Main.storyboard */ = {
			isa = PBXVariantGroup;
			children = (
				46A8ADF427FBE7310047ABDD /* Base */,
			);
			name = Main.storyboard;
			sourceTree = "<group>";
		};
		46A8ADF827FBE7320047ABDD /* LaunchScreen.storyboard */ = {
			isa = PBXVariantGroup;
			children = (
				46A8ADF927FBE7320047ABDD /* Base */,
			);
			name = LaunchScreen.storyboard;
			sourceTree = "<group>";
		};
/* End PBXVariantGroup section */

/* Begin XCBuildConfiguration section */
		46A8ADFC27FBE7320047ABDD /* Debug */ = {
			isa = XCBuildConfiguration;
			buildSettings = {
				ALWAYS_SEARCH_USER_PATHS = NO;
				CLANG_ANALYZER_NONNULL = YES;
				CLANG_ANALYZER_NUMBER_OBJECT_CONVERSION = YES_AGGRESSIVE;
				CLANG_CXX_LANGUAGE_STANDARD = "gnu++17";
				CLANG_ENABLE_MODULES = YES;
				CLANG_ENABLE_OBJC_ARC = YES;
				CLANG_ENABLE_OBJC_WEAK = YES;
				CLANG_WARN_BLOCK_CAPTURE_AUTORELEASING = YES;
				CLANG_WARN_BOOL_CONVERSION = YES;
				CLANG_WARN_COMMA = YES;
				CLANG_WARN_CONSTANT_CONVERSION = YES;
				CLANG_WARN_DEPRECATED_OBJC_IMPLEMENTATIONS = YES;
				CLANG_WARN_DIRECT_OBJC_ISA_USAGE = YES_ERROR;
				CLANG_WARN_DOCUMENTATION_COMMENTS = YES;
				CLANG_WARN_EMPTY_BODY = YES;
				CLANG_WARN_ENUM_CONVERSION = YES;
				CLANG_WARN_INFINITE_RECURSION = YES;
				CLANG_WARN_INT_CONVERSION = YES;
				CLANG_WARN_NON_LITERAL_NULL_CONVERSION = YES;
				CLANG_WARN_OBJC_IMPLICIT_RETAIN_SELF = YES;
				CLANG_WARN_OBJC_LITERAL_CONVERSION = YES;
				CLANG_WARN_OBJC_ROOT_CLASS = YES_ERROR;
				CLANG_WARN_QUOTED_INCLUDE_IN_FRAMEWORK_HEADER = YES;
				CLANG_WARN_RANGE_LOOP_ANALYSIS = YES;
				CLANG_WARN_STRICT_PROTOTYPES = YES;
				CLANG_WARN_SUSPICIOUS_MOVE = YES;
				CLANG_WARN_UNGUARDED_AVAILABILITY = YES_AGGRESSIVE;
				CLANG_WARN_UNREACHABLE_CODE = YES;
				CLANG_WARN__DUPLICATE_METHOD_MATCH = YES;
				COPY_PHASE_STRIP = NO;
				DEBUG_INFORMATION_FORMAT = dwarf;
				ENABLE_STRICT_OBJC_MSGSEND = YES;
				ENABLE_TESTABILITY = YES;
				GCC_C_LANGUAGE_STANDARD = gnu11;
				GCC_DYNAMIC_NO_PIC = NO;
				GCC_NO_COMMON_BLOCKS = YES;
				GCC_OPTIMIZATION_LEVEL = 0;
				GCC_PREPROCESSOR_DEFINITIONS = (
					"DEBUG=1",
					"$(inherited)",
				);
				GCC_WARN_64_TO_32_BIT_CONVERSION = YES;
				GCC_WARN_ABOUT_RETURN_TYPE = YES_ERROR;
				GCC_WARN_UNDECLARED_SELECTOR = YES;
				GCC_WARN_UNINITIALIZED_AUTOS = YES_AGGRESSIVE;
				GCC_WARN_UNUSED_FUNCTION = YES;
				GCC_WARN_UNUSED_VARIABLE = YES;
				IPHONEOS_DEPLOYMENT_TARGET = 15.4;
				MTL_ENABLE_DEBUG_INFO = INCLUDE_SOURCE;
				MTL_FAST_MATH = YES;
				ONLY_ACTIVE_ARCH = YES;
				SDKROOT = iphoneos;
				SWIFT_ACTIVE_COMPILATION_CONDITIONS = DEBUG;
				SWIFT_OPTIMIZATION_LEVEL = "-Onone";
			};
			name = Debug;
		};
		46A8ADFD27FBE7320047ABDD /* Release */ = {
			isa = XCBuildConfiguration;
			buildSettings = {
				ALWAYS_SEARCH_USER_PATHS = NO;
				CLANG_ANALYZER_NONNULL = YES;
				CLANG_ANALYZER_NUMBER_OBJECT_CONVERSION = YES_AGGRESSIVE;
				CLANG_CXX_LANGUAGE_STANDARD = "gnu++17";
				CLANG_ENABLE_MODULES = YES;
				CLANG_ENABLE_OBJC_ARC = YES;
				CLANG_ENABLE_OBJC_WEAK = YES;
				CLANG_WARN_BLOCK_CAPTURE_AUTORELEASING = YES;
				CLANG_WARN_BOOL_CONVERSION = YES;
				CLANG_WARN_COMMA = YES;
				CLANG_WARN_CONSTANT_CONVERSION = YES;
				CLANG_WARN_DEPRECATED_OBJC_IMPLEMENTATIONS = YES;
				CLANG_WARN_DIRECT_OBJC_ISA_USAGE = YES_ERROR;
				CLANG_WARN_DOCUMENTATION_COMMENTS = YES;
				CLANG_WARN_EMPTY_BODY = YES;
				CLANG_WARN_ENUM_CONVERSION = YES;
				CLANG_WARN_INFINITE_RECURSION = YES;
				CLANG_WARN_INT_CONVERSION = YES;
				CLANG_WARN_NON_LITERAL_NULL_CONVERSION = YES;
				CLANG_WARN_OBJC_IMPLICIT_RETAIN_SELF = YES;
				CLANG_WARN_OBJC_LITERAL_CONVERSION = YES;
				CLANG_WARN_OBJC_ROOT_CLASS = YES_ERROR;
				CLANG_WARN_QUOTED_INCLUDE_IN_FRAMEWORK_HEADER = YES;
				CLANG_WARN_RANGE_LOOP_ANALYSIS = YES;
				CLANG_WARN_STRICT_PROTOTYPES = YES;
				CLANG_WARN_SUSPICIOUS_MOVE = YES;
				CLANG_WARN_UNGUARDED_AVAILABILITY = YES_AGGRESSIVE;
				CLANG_WARN_UNREACHABLE_CODE = YES;
				CLANG_WARN__DUPLICATE_METHOD_MATCH = YES;
				COPY_PHASE_STRIP = NO;
				DEBUG_INFORMATION_FORMAT = "dwarf-with-dsym";
				ENABLE_NS_ASSERTIONS = NO;
				ENABLE_STRICT_OBJC_MSGSEND = YES;
				GCC_C_LANGUAGE_STANDARD = gnu11;
				GCC_NO_COMMON_BLOCKS = YES;
				GCC_WARN_64_TO_32_BIT_CONVERSION = YES;
				GCC_WARN_ABOUT_RETURN_TYPE = YES_ERROR;
				GCC_WARN_UNDECLARED_SELECTOR = YES;
				GCC_WARN_UNINITIALIZED_AUTOS = YES_AGGRESSIVE;
				GCC_WARN_UNUSED_FUNCTION = YES;
				GCC_WARN_UNUSED_VARIABLE = YES;
				IPHONEOS_DEPLOYMENT_TARGET = 15.4;
				MTL_ENABLE_DEBUG_INFO = NO;
				MTL_FAST_MATH = YES;
				SDKROOT = iphoneos;
				SWIFT_COMPILATION_MODE = wholemodule;
				SWIFT_OPTIMIZATION_LEVEL = "-O";
				VALIDATE_PRODUCT = YES;
			};
			name = Release;
		};
		46A8ADFF27FBE7320047ABDD /* Debug */ = {
			isa = XCBuildConfiguration;
			buildSettings = {
				ASSETCATALOG_COMPILER_APPICON_NAME = AppIcon;
				ASSETCATALOG_COMPILER_GLOBAL_ACCENT_COLOR_NAME = AccentColor;
				CODE_SIGN_STYLE = Automatic;
				CURRENT_PROJECT_VERSION = 1;
				DEVELOPMENT_TEAM = NLM7SY7FHH;
				GENERATE_INFOPLIST_FILE = YES;
				INFOPLIST_FILE = "Mini Challenge GA/Info.plist";
				INFOPLIST_KEY_UIApplicationSupportsIndirectInputEvents = YES;
				INFOPLIST_KEY_UILaunchStoryboardName = LaunchScreen;
				INFOPLIST_KEY_UIMainStoryboardFile = Main;
				INFOPLIST_KEY_UISupportedInterfaceOrientations_iPad = "UIInterfaceOrientationPortrait UIInterfaceOrientationPortraitUpsideDown UIInterfaceOrientationLandscapeLeft UIInterfaceOrientationLandscapeRight";
				INFOPLIST_KEY_UISupportedInterfaceOrientations_iPhone = "UIInterfaceOrientationPortrait UIInterfaceOrientationLandscapeLeft UIInterfaceOrientationLandscapeRight";
				LD_RUNPATH_SEARCH_PATHS = (
					"$(inherited)",
					"@executable_path/Frameworks",
				);
				MARKETING_VERSION = 1.0;
				PRODUCT_BUNDLE_IDENTIFIER = "com.inezamanda.Mini-Challenge-GA";
				PRODUCT_NAME = "$(TARGET_NAME)";
				SWIFT_EMIT_LOC_STRINGS = YES;
				SWIFT_VERSION = 5.0;
				TARGETED_DEVICE_FAMILY = "1,2";
			};
			name = Debug;
		};
		46A8AE0027FBE7320047ABDD /* Release */ = {
			isa = XCBuildConfiguration;
			buildSettings = {
				ASSETCATALOG_COMPILER_APPICON_NAME = AppIcon;
				ASSETCATALOG_COMPILER_GLOBAL_ACCENT_COLOR_NAME = AccentColor;
				CODE_SIGN_STYLE = Automatic;
				CURRENT_PROJECT_VERSION = 1;
				DEVELOPMENT_TEAM = NLM7SY7FHH;
				GENERATE_INFOPLIST_FILE = YES;
				INFOPLIST_FILE = "Mini Challenge GA/Info.plist";
				INFOPLIST_KEY_UIApplicationSupportsIndirectInputEvents = YES;
				INFOPLIST_KEY_UILaunchStoryboardName = LaunchScreen;
				INFOPLIST_KEY_UIMainStoryboardFile = Main;
				INFOPLIST_KEY_UISupportedInterfaceOrientations_iPad = "UIInterfaceOrientationPortrait UIInterfaceOrientationPortraitUpsideDown UIInterfaceOrientationLandscapeLeft UIInterfaceOrientationLandscapeRight";
				INFOPLIST_KEY_UISupportedInterfaceOrientations_iPhone = "UIInterfaceOrientationPortrait UIInterfaceOrientationLandscapeLeft UIInterfaceOrientationLandscapeRight";
				LD_RUNPATH_SEARCH_PATHS = (
					"$(inherited)",
					"@executable_path/Frameworks",
				);
				MARKETING_VERSION = 1.0;
				PRODUCT_BUNDLE_IDENTIFIER = "com.inezamanda.Mini-Challenge-GA";
				PRODUCT_NAME = "$(TARGET_NAME)";
				SWIFT_EMIT_LOC_STRINGS = YES;
				SWIFT_VERSION = 5.0;
				TARGETED_DEVICE_FAMILY = "1,2";
			};
			name = Release;
		};
/* End XCBuildConfiguration section */

/* Begin XCConfigurationList section */
		46A8ADE527FBE7310047ABDD /* Build configuration list for PBXProject "Mini Challenge GA" */ = {
			isa = XCConfigurationList;
			buildConfigurations = (
				46A8ADFC27FBE7320047ABDD /* Debug */,
				46A8ADFD27FBE7320047ABDD /* Release */,
			);
			defaultConfigurationIsVisible = 0;
			defaultConfigurationName = Release;
		};
		46A8ADFE27FBE7320047ABDD /* Build configuration list for PBXNativeTarget "Mini Challenge GA" */ = {
			isa = XCConfigurationList;
			buildConfigurations = (
				46A8ADFF27FBE7320047ABDD /* Debug */,
				46A8AE0027FBE7320047ABDD /* Release */,
			);
			defaultConfigurationIsVisible = 0;
			defaultConfigurationName = Release;
		};
/* End XCConfigurationList section */
	};
	rootObject = 46A8ADE227FBE7310047ABDD /* Project object */;
}
